<?xml version="1.0" encoding="utf-8"?>
<Project ToolsVersion="4.0" xmlns="http://schemas.microsoft.com/developer/msbuild/2003">
  <ItemGroup>
    <Filter Include="Source Files">
      <UniqueIdentifier>{4FC737F1-C7A5-4376-A066-2A32D752A2FF}</UniqueIdentifier>
      <Extensions>cpp;c;cc;cxx;c++;cppm;ixx;def;odl;idl;hpj;bat;asm;asmx</Extensions>
    </Filter>
    <Filter Include="Header Files">
      <UniqueIdentifier>{93995380-89BD-4b04-88EB-625FBE52EBFB}</UniqueIdentifier>
      <Extensions>h;hh;hpp;hxx;h++;hm;inl;inc;ipp;xsd</Extensions>
    </Filter>
    <Filter Include="Resource Files">
      <UniqueIdentifier>{67DA6AB6-F800-4c08-8B7A-83BB121AAD01}</UniqueIdentifier>
      <Extensions>rc;ico;cur;bmp;dlg;rc2;rct;bin;rgs;gif;jpg;jpeg;jpe;resx;tiff;tif;png;wav;mfcribbon-ms</Extensions>
    </Filter>
    <Filter Include="App">
      <UniqueIdentifier>{c1481fa8-af99-4532-aebd-c08b78e2494c}</UniqueIdentifier>
    </Filter>
    <Filter Include="Source Files\Modules">
      <UniqueIdentifier>{82e83c76-de9d-4c54-b7b1-d8cabb26084b}</UniqueIdentifier>
    </Filter>
    <Filter Include="Utils">
      <UniqueIdentifier>{86953e34-a144-4602-8fed-542ef092c0a7}</UniqueIdentifier>
    </Filter>
    <Filter Include="Source Files\GUIWindows">
      <UniqueIdentifier>{137691ba-dc68-4c78-babc-d03e0b5fd7ee}</UniqueIdentifier>
    </Filter>
    <Filter Include="Source Files\GUIWindows\Windows">
      <UniqueIdentifier>{62fa4b8c-7089-4160-9a5c-010f5d692768}</UniqueIdentifier>
    </Filter>
    <Filter Include="XMLstuff">
      <UniqueIdentifier>{f8721d62-e32d-495e-a169-e72b835a1c82}</UniqueIdentifier>
    </Filter>
  </ItemGroup>
  <ItemGroup>
    <ClCompile Include="log.cpp">
      <Filter>Utils</Filter>
    </ClCompile>
    <ClCompile Include="App.cpp">
      <Filter>App</Filter>
    </ClCompile>
    <ClCompile Include="Main.cpp">
      <Filter>App</Filter>
    </ClCompile>
    <ClCompile Include="ModuleEngineManager.cpp">
      <Filter>Source Files\Modules</Filter>
    </ClCompile>
    <ClCompile Include="ModuleEvents.cpp">
      <Filter>Source Files\Modules</Filter>
    </ClCompile>
    <ClCompile Include="ModuleGUI.cpp">
      <Filter>Source Files\Modules</Filter>
    </ClCompile>
    <ClCompile Include="ModuleRenderer.cpp">
      <Filter>Source Files\Modules</Filter>
    </ClCompile>
    <ClCompile Include="ModuleWindow.cpp">
      <Filter>Source Files\Modules</Filter>
    </ClCompile>
    <ClCompile Include="WindowConsole.cpp">
      <Filter>Source Files\GUIWindows\Windows</Filter>
    </ClCompile>
    <ClCompile Include="WindowHierarchy.cpp">
      <Filter>Source Files\GUIWindows\Windows</Filter>
    </ClCompile>
    <ClCompile Include="WindowInspector.cpp">
      <Filter>Source Files\GUIWindows\Windows</Filter>
    </ClCompile>
    <ClCompile Include="WindowProject.cpp">
      <Filter>Source Files\GUIWindows\Windows</Filter>
    </ClCompile>
    <ClCompile Include="WindowScene.cpp">
      <Filter>Source Files\GUIWindows\Windows</Filter>
    </ClCompile>
    <ClCompile Include="WindowSettings.cpp">
      <Filter>Source Files\GUIWindows\Windows</Filter>
    </ClCompile>
    <ClCompile Include="FrameBuffer.cpp">
      <Filter>Utils</Filter>
    </ClCompile>
    <ClCompile Include="ModuleInput.cpp">
      <Filter>Source Files\Modules</Filter>
    </ClCompile>
    <ClCompile Include="..\External\PugiXml\src\pugixml.cpp">
      <Filter>XMLstuff</Filter>
    </ClCompile>
  </ItemGroup>
  <ItemGroup>
    <ClInclude Include="Globals.h">
      <Filter>Utils</Filter>
    </ClInclude>
    <ClInclude Include="App.h">
      <Filter>App</Filter>
    </ClInclude>
    <ClInclude Include="Module.h">
      <Filter>Source Files\Modules</Filter>
    </ClInclude>
    <ClInclude Include="ModuleEngineManager.h">
      <Filter>Source Files\Modules</Filter>
    </ClInclude>
    <ClInclude Include="ModuleEvents.h">
      <Filter>Source Files\Modules</Filter>
    </ClInclude>
    <ClInclude Include="ModuleGUI.h">
      <Filter>Source Files\Modules</Filter>
    </ClInclude>
    <ClInclude Include="ModuleRenderer.h">
      <Filter>Source Files\Modules</Filter>
    </ClInclude>
    <ClInclude Include="ModuleWindow.h">
      <Filter>Source Files\Modules</Filter>
    </ClInclude>
    <ClInclude Include="GuiBase.h">
      <Filter>Source Files\GUIWindows</Filter>
    </ClInclude>
    <ClInclude Include="GuiMenuBar.h">
      <Filter>Source Files\GUIWindows</Filter>
    </ClInclude>
    <ClInclude Include="resource.h">
      <Filter>Header Files</Filter>
    </ClInclude>
    <ClInclude Include="WindowConsole.h">
      <Filter>Source Files\GUIWindows\Windows</Filter>
    </ClInclude>
    <ClInclude Include="WindowHierarchy.h">
      <Filter>Source Files\GUIWindows\Windows</Filter>
    </ClInclude>
    <ClInclude Include="WindowInspector.h">
      <Filter>Source Files\GUIWindows\Windows</Filter>
    </ClInclude>
    <ClInclude Include="WindowProject.h">
      <Filter>Source Files\GUIWindows\Windows</Filter>
    </ClInclude>
    <ClInclude Include="WindowScene.h">
      <Filter>Source Files\GUIWindows\Windows</Filter>
    </ClInclude>
    <ClInclude Include="WindowSettings.h">
      <Filter>Source Files\GUIWindows\Windows</Filter>
    </ClInclude>
    <ClInclude Include="FrameBuffer.h">
      <Filter>Utils</Filter>
    </ClInclude>
    <ClInclude Include="DualOutputBuffer.h">
      <Filter>Utils</Filter>
    </ClInclude>
    <ClInclude Include="ModuleInput.h">
      <Filter>Source Files\Modules</Filter>
    </ClInclude>
    <ClInclude Include="..\External\PugiXml\src\pugiconfig.hpp">
      <Filter>XMLstuff</Filter>
    </ClInclude>
    <ClInclude Include="..\External\PugiXml\src\pugixml.hpp">
      <Filter>XMLstuff</Filter>
    </ClInclude>
  </ItemGroup>
  <ItemGroup>
    <ResourceCompile Include="MantelGameEditor.rc">
      <Filter>Resource Files</Filter>
    </ResourceCompile>
  </ItemGroup>
  <ItemGroup>
    <Image Include="Assets\icon.ico">
      <Filter>Resource Files</Filter>
    </Image>
  </ItemGroup>
</Project>